
Microsoft Visual Studio Solution File, Format Version 12.00
# Visual Studio 2013
VisualStudioVersion = 12.0.30110.0
MinimumVisualStudioVersion = 10.0.40219.1
Project("{FAE04EC0-301F-11D3-BF4B-00C04F79EFBC}") = "NServiceBus.MultiDeserializer", "NServiceBus.MultiDeserializer\NServiceBus.MultiDeserializer.csproj", "{0DBC5C69-7391-4E46-B7DE-1E743D9B1F23}"
EndProject
Project("{2150E333-8FDC-42A3-9474-1A3956D46DE8}") = "Testing", "Testing", "{DFDFD358-287B-4B0D-884B-6784E6BBE80A}"
EndProject
Project("{FAE04EC0-301F-11D3-BF4B-00C04F79EFBC}") = "Messages", "Messages\Messages.csproj", "{009D7DBE-5F58-494E-9DD4-540CBCE0A8DD}"
EndProject
Project("{FAE04EC0-301F-11D3-BF4B-00C04F79EFBC}") = "JsonEndpoint", "JsonEndpoint\JsonEndpoint.csproj", "{1D873129-CA74-49AC-B604-BDE3B70C305D}"
EndProject
Project("{FAE04EC0-301F-11D3-BF4B-00C04F79EFBC}") = "BinaryEndpoint", "BinaryEndpoint\BinaryEndpoint.csproj", "{2B645668-281E-4820-B0AB-6889E151D91C}"
EndProject
Project("{FAE04EC0-301F-11D3-BF4B-00C04F79EFBC}") = "BsonEndpoint", "BsonEndpoint\BsonEndpoint.csproj", "{5D3ACD6D-7978-49B5-98A8-16BBBF42477A}"
EndProject
Project("{FAE04EC0-301F-11D3-BF4B-00C04F79EFBC}") = "MyServer", "MyServer\MyServer.csproj", "{C43D2755-3ECF-4DD0-99CC-B8E7B245AE64}"
EndProject
Global
	GlobalSection(SolutionConfigurationPlatforms) = preSolution
		Debug|Any CPU = Debug|Any CPU
		Release|Any CPU = Release|Any CPU
	EndGlobalSection
	GlobalSection(ProjectConfigurationPlatforms) = postSolution
		{0DBC5C69-7391-4E46-B7DE-1E743D9B1F23}.Debug|Any CPU.ActiveCfg = Debug|Any CPU
		{0DBC5C69-7391-4E46-B7DE-1E743D9B1F23}.Debug|Any CPU.Build.0 = Debug|Any CPU
		{0DBC5C69-7391-4E46-B7DE-1E743D9B1F23}.Release|Any CPU.ActiveCfg = Release|Any CPU
		{0DBC5C69-7391-4E46-B7DE-1E743D9B1F23}.Release|Any CPU.Build.0 = Release|Any CPU
		{009D7DBE-5F58-494E-9DD4-540CBCE0A8DD}.Debug|Any CPU.ActiveCfg = Debug|Any CPU
		{009D7DBE-5F58-494E-9DD4-540CBCE0A8DD}.Debug|Any CPU.Build.0 = Debug|Any CPU
		{009D7DBE-5F58-494E-9DD4-540CBCE0A8DD}.Release|Any CPU.ActiveCfg = Release|Any CPU
		{009D7DBE-5F58-494E-9DD4-540CBCE0A8DD}.Release|Any CPU.Build.0 = Release|Any CPU
		{1D873129-CA74-49AC-B604-BDE3B70C305D}.Debug|Any CPU.ActiveCfg = Debug|Any CPU
		{1D873129-CA74-49AC-B604-BDE3B70C305D}.Debug|Any CPU.Build.0 = Debug|Any CPU
		{1D873129-CA74-49AC-B604-BDE3B70C305D}.Release|Any CPU.ActiveCfg = Release|Any CPU
		{1D873129-CA74-49AC-B604-BDE3B70C305D}.Release|Any CPU.Build.0 = Release|Any CPU
		{2B645668-281E-4820-B0AB-6889E151D91C}.Debug|Any CPU.ActiveCfg = Debug|Any CPU
		{2B645668-281E-4820-B0AB-6889E151D91C}.Debug|Any CPU.Build.0 = Debug|Any CPU
		{2B645668-281E-4820-B0AB-6889E151D91C}.Release|Any CPU.ActiveCfg = Release|Any CPU
		{2B645668-281E-4820-B0AB-6889E151D91C}.Release|Any CPU.Build.0 = Release|Any CPU
		{5D3ACD6D-7978-49B5-98A8-16BBBF42477A}.Debug|Any CPU.ActiveCfg = Debug|Any CPU
		{5D3ACD6D-7978-49B5-98A8-16BBBF42477A}.Debug|Any CPU.Build.0 = Debug|Any CPU
		{5D3ACD6D-7978-49B5-98A8-16BBBF42477A}.Release|Any CPU.ActiveCfg = Release|Any CPU
		{5D3ACD6D-7978-49B5-98A8-16BBBF42477A}.Release|Any CPU.Build.0 = Release|Any CPU
		{C43D2755-3ECF-4DD0-99CC-B8E7B245AE64}.Debug|Any CPU.ActiveCfg = Debug|Any CPU
		{C43D2755-3ECF-4DD0-99CC-B8E7B245AE64}.Debug|Any CPU.Build.0 = Debug|Any CPU
		{C43D2755-3ECF-4DD0-99CC-B8E7B245AE64}.Release|Any CPU.ActiveCfg = Release|Any CPU
		{C43D2755-3ECF-4DD0-99CC-B8E7B245AE64}.Release|Any CPU.Build.0 = Release|Any CPU
	EndGlobalSection
	GlobalSection(SolutionProperties) = preSolution
		HideSolutionNode = FALSE
	EndGlobalSection
	GlobalSection(NestedProjects) = preSolution
		{009D7DBE-5F58-494E-9DD4-540CBCE0A8DD} = {DFDFD358-287B-4B0D-884B-6784E6BBE80A}
		{1D873129-CA74-49AC-B604-BDE3B70C305D} = {DFDFD358-287B-4B0D-884B-6784E6BBE80A}
		{2B645668-281E-4820-B0AB-6889E151D91C} = {DFDFD358-287B-4B0D-884B-6784E6BBE80A}
		{5D3ACD6D-7978-49B5-98A8-16BBBF42477A} = {DFDFD358-287B-4B0D-884B-6784E6BBE80A}
		{C43D2755-3ECF-4DD0-99CC-B8E7B245AE64} = {DFDFD358-287B-4B0D-884B-6784E6BBE80A}
	EndGlobalSection
EndGlobal
